// !$*UTF8*$!
{
	archiveVersion = 1;
	classes = {
	};
	objectVersion = 56;
	objects = {

/* Begin PBXBuildFile section */
		0A281AE82947B258004A8D88 /* Cash_Stashes__2023_App.swift in Sources */ = {isa = PBXBuildFile; fileRef = 0A281AE72947B258004A8D88 /* Cash_Stashes__2023_App.swift */; };
		0A281AEA2947B258004A8D88 /* ContentView.swift in Sources */ = {isa = PBXBuildFile; fileRef = 0A281AE92947B258004A8D88 /* ContentView.swift */; };
		0A281AEC2947B25B004A8D88 /* Assets.xcassets in Resources */ = {isa = PBXBuildFile; fileRef = 0A281AEB2947B25B004A8D88 /* Assets.xcassets */; };
		0A281AEF2947B25B004A8D88 /* Preview Assets.xcassets in Resources */ = {isa = PBXBuildFile; fileRef = 0A281AEE2947B25B004A8D88 /* Preview Assets.xcassets */; };
		0A281AF92947B25C004A8D88 /* Cash_Stashes__2023_Tests.swift in Sources */ = {isa = PBXBuildFile; fileRef = 0A281AF82947B25C004A8D88 /* Cash_Stashes__2023_Tests.swift */; };
		0A281B032947B25C004A8D88 /* Cash_Stashes__2023_UITests.swift in Sources */ = {isa = PBXBuildFile; fileRef = 0A281B022947B25C004A8D88 /* Cash_Stashes__2023_UITests.swift */; };
		0A281B052947B25C004A8D88 /* Cash_Stashes__2023_UITestsLaunchTests.swift in Sources */ = {isa = PBXBuildFile; fileRef = 0A281B042947B25C004A8D88 /* Cash_Stashes__2023_UITestsLaunchTests.swift */; };
		0A281B122947B284004A8D88 /* Cash.swift in Sources */ = {isa = PBXBuildFile; fileRef = 0A281B112947B284004A8D88 /* Cash.swift */; };
		0A281B142947B28D004A8D88 /* Card.swift in Sources */ = {isa = PBXBuildFile; fileRef = 0A281B132947B28D004A8D88 /* Card.swift */; };
		0A281B162947B295004A8D88 /* Savings.swift in Sources */ = {isa = PBXBuildFile; fileRef = 0A281B152947B295004A8D88 /* Savings.swift */; };
		0AA6A3102950104900FB80C9 /* Elements.swift in Sources */ = {isa = PBXBuildFile; fileRef = 0AA6A30F2950104900FB80C9 /* Elements.swift */; };
		0AA6A3132950115100FB80C9 /* EditItem.swift in Sources */ = {isa = PBXBuildFile; fileRef = 0AA6A3122950115100FB80C9 /* EditItem.swift */; };
		0AA6A3172950341000FB80C9 /* AddItem.swift in Sources */ = {isa = PBXBuildFile; fileRef = 0AA6A3162950341000FB80C9 /* AddItem.swift */; };
		0AA6A31929503A2400FB80C9 /* PersistanceData.swift in Sources */ = {isa = PBXBuildFile; fileRef = 0AA6A31829503A2400FB80C9 /* PersistanceData.swift */; };
/* End PBXBuildFile section */

/* Begin PBXContainerItemProxy section */
		0A281AF52947B25C004A8D88 /* PBXContainerItemProxy */ = {
			isa = PBXContainerItemProxy;
			containerPortal = 0A281ADC2947B258004A8D88 /* Project object */;
			proxyType = 1;
			remoteGlobalIDString = 0A281AE32947B258004A8D88;
			remoteInfo = "Cash Stashes [2023]";
		};
		0A281AFF2947B25C004A8D88 /* PBXContainerItemProxy */ = {
			isa = PBXContainerItemProxy;
			containerPortal = 0A281ADC2947B258004A8D88 /* Project object */;
			proxyType = 1;
			remoteGlobalIDString = 0A281AE32947B258004A8D88;
			remoteInfo = "Cash Stashes [2023]";
		};
/* End PBXContainerItemProxy section */

/* Begin PBXFileReference section */
		0A281AE42947B258004A8D88 /* Cash Stashes [2023].app */ = {isa = PBXFileReference; explicitFileType = wrapper.application; includeInIndex = 0; path = "Cash Stashes [2023].app"; sourceTree = BUILT_PRODUCTS_DIR; };
		0A281AE72947B258004A8D88 /* Cash_Stashes__2023_App.swift */ = {isa = PBXFileReference; lastKnownFileType = sourcecode.swift; path = Cash_Stashes__2023_App.swift; sourceTree = "<group>"; };
		0A281AE92947B258004A8D88 /* ContentView.swift */ = {isa = PBXFileReference; lastKnownFileType = sourcecode.swift; path = ContentView.swift; sourceTree = "<group>"; };
		0A281AEB2947B25B004A8D88 /* Assets.xcassets */ = {isa = PBXFileReference; lastKnownFileType = folder.assetcatalog; path = Assets.xcassets; sourceTree = "<group>"; };
		0A281AEE2947B25B004A8D88 /* Preview Assets.xcassets */ = {isa = PBXFileReference; lastKnownFileType = folder.assetcatalog; path = "Preview Assets.xcassets"; sourceTree = "<group>"; };
		0A281AF42947B25C004A8D88 /* Cash Stashes [2023]Tests.xctest */ = {isa = PBXFileReference; explicitFileType = wrapper.cfbundle; includeInIndex = 0; path = "Cash Stashes [2023]Tests.xctest"; sourceTree = BUILT_PRODUCTS_DIR; };
		0A281AF82947B25C004A8D88 /* Cash_Stashes__2023_Tests.swift */ = {isa = PBXFileReference; lastKnownFileType = sourcecode.swift; path = Cash_Stashes__2023_Tests.swift; sourceTree = "<group>"; };
		0A281AFE2947B25C004A8D88 /* Cash Stashes [2023]UITests.xctest */ = {isa = PBXFileReference; explicitFileType = wrapper.cfbundle; includeInIndex = 0; path = "Cash Stashes [2023]UITests.xctest"; sourceTree = BUILT_PRODUCTS_DIR; };
		0A281B022947B25C004A8D88 /* Cash_Stashes__2023_UITests.swift */ = {isa = PBXFileReference; lastKnownFileType = sourcecode.swift; path = Cash_Stashes__2023_UITests.swift; sourceTree = "<group>"; };
		0A281B042947B25C004A8D88 /* Cash_Stashes__2023_UITestsLaunchTests.swift */ = {isa = PBXFileReference; lastKnownFileType = sourcecode.swift; path = Cash_Stashes__2023_UITestsLaunchTests.swift; sourceTree = "<group>"; };
		0A281B112947B284004A8D88 /* Cash.swift */ = {isa = PBXFileReference; lastKnownFileType = sourcecode.swift; path = Cash.swift; sourceTree = "<group>"; };
		0A281B132947B28D004A8D88 /* Card.swift */ = {isa = PBXFileReference; lastKnownFileType = sourcecode.swift; path = Card.swift; sourceTree = "<group>"; };
		0A281B152947B295004A8D88 /* Savings.swift */ = {isa = PBXFileReference; lastKnownFileType = sourcecode.swift; path = Savings.swift; sourceTree = "<group>"; };
		0AA6A30F2950104900FB80C9 /* Elements.swift */ = {isa = PBXFileReference; lastKnownFileType = sourcecode.swift; path = Elements.swift; sourceTree = "<group>"; };
		0AA6A3122950115100FB80C9 /* EditItem.swift */ = {isa = PBXFileReference; lastKnownFileType = sourcecode.swift; path = EditItem.swift; sourceTree = "<group>"; };
		0AA6A3162950341000FB80C9 /* AddItem.swift */ = {isa = PBXFileReference; lastKnownFileType = sourcecode.swift; path = AddItem.swift; sourceTree = "<group>"; };
		0AA6A31829503A2400FB80C9 /* PersistanceData.swift */ = {isa = PBXFileReference; lastKnownFileType = sourcecode.swift; path = PersistanceData.swift; sourceTree = "<group>"; };
/* End PBXFileReference section */

/* Begin PBXFrameworksBuildPhase section */
		0A281AE12947B258004A8D88 /* Frameworks */ = {
			isa = PBXFrameworksBuildPhase;
			buildActionMask = 2147483647;
			files = (
			);
			runOnlyForDeploymentPostprocessing = 0;
		};
		0A281AF12947B25C004A8D88 /* Frameworks */ = {
			isa = PBXFrameworksBuildPhase;
			buildActionMask = 2147483647;
			files = (
			);
			runOnlyForDeploymentPostprocessing = 0;
		};
		0A281AFB2947B25C004A8D88 /* Frameworks */ = {
			isa = PBXFrameworksBuildPhase;
			buildActionMask = 2147483647;
			files = (
			);
			runOnlyForDeploymentPostprocessing = 0;
		};
/* End PBXFrameworksBuildPhase section */

/* Begin PBXGroup section */
		0A281ADB2947B258004A8D88 = {
			isa = PBXGroup;
			children = (
				0A281AE62947B258004A8D88 /* Cash Stashes [2023] */,
				0A281AF72947B25C004A8D88 /* Cash Stashes [2023]Tests */,
				0A281B012947B25C004A8D88 /* Cash Stashes [2023]UITests */,
				0A281AE52947B258004A8D88 /* Products */,
			);
			sourceTree = "<group>";
		};
		0A281AE52947B258004A8D88 /* Products */ = {
			isa = PBXGroup;
			children = (
				0A281AE42947B258004A8D88 /* Cash Stashes [2023].app */,
				0A281AF42947B25C004A8D88 /* Cash Stashes [2023]Tests.xctest */,
				0A281AFE2947B25C004A8D88 /* Cash Stashes [2023]UITests.xctest */,
			);
			name = Products;
			sourceTree = "<group>";
		};
		0A281AE62947B258004A8D88 /* Cash Stashes [2023] */ = {
			isa = PBXGroup;
			children = (
				0A281AE72947B258004A8D88 /* Cash_Stashes__2023_App.swift */,
				0A281AE92947B258004A8D88 /* ContentView.swift */,
				0A281B112947B284004A8D88 /* Cash.swift */,
				0A281B132947B28D004A8D88 /* Card.swift */,
				0A281B152947B295004A8D88 /* Savings.swift */,
				0AA6A3112950113D00FB80C9 /* ViewTools */,
				0A281AEB2947B25B004A8D88 /* Assets.xcassets */,
				0AA6A31829503A2400FB80C9 /* PersistanceData.swift */,
				0A281AED2947B25B004A8D88 /* Preview Content */,
			);
			path = "Cash Stashes [2023]";
			sourceTree = "<group>";
		};
		0A281AED2947B25B004A8D88 /* Preview Content */ = {
			isa = PBXGroup;
			children = (
				0A281AEE2947B25B004A8D88 /* Preview Assets.xcassets */,
			);
			path = "Preview Content";
			sourceTree = "<group>";
		};
		0A281AF72947B25C004A8D88 /* Cash Stashes [2023]Tests */ = {
			isa = PBXGroup;
			children = (
				0A281AF82947B25C004A8D88 /* Cash_Stashes__2023_Tests.swift */,
			);
			path = "Cash Stashes [2023]Tests";
			sourceTree = "<group>";
		};
		0A281B012947B25C004A8D88 /* Cash Stashes [2023]UITests */ = {
			isa = PBXGroup;
			children = (
				0A281B022947B25C004A8D88 /* Cash_Stashes__2023_UITests.swift */,
				0A281B042947B25C004A8D88 /* Cash_Stashes__2023_UITestsLaunchTests.swift */,
			);
			path = "Cash Stashes [2023]UITests";
			sourceTree = "<group>";
		};
		0AA6A3112950113D00FB80C9 /* ViewTools */ = {
			isa = PBXGroup;
			children = (
				0AA6A30F2950104900FB80C9 /* Elements.swift */,
				0AA6A3122950115100FB80C9 /* EditItem.swift */,
				0AA6A3162950341000FB80C9 /* AddItem.swift */,
			);
			path = ViewTools;
			sourceTree = "<group>";
		};
/* End PBXGroup section */

/* Begin PBXNativeTarget section */
		0A281AE32947B258004A8D88 /* Cash Stashes [2023] */ = {
			isa = PBXNativeTarget;
			buildConfigurationList = 0A281B082947B25C004A8D88 /* Build configuration list for PBXNativeTarget "Cash Stashes [2023]" */;
			buildPhases = (
				0A281AE02947B258004A8D88 /* Sources */,
				0A281AE12947B258004A8D88 /* Frameworks */,
				0A281AE22947B258004A8D88 /* Resources */,
			);
			buildRules = (
			);
			dependencies = (
			);
			name = "Cash Stashes [2023]";
			productName = "Cash Stashes [2023]";
			productReference = 0A281AE42947B258004A8D88 /* Cash Stashes [2023].app */;
			productType = "com.apple.product-type.application";
		};
		0A281AF32947B25C004A8D88 /* Cash Stashes [2023]Tests */ = {
			isa = PBXNativeTarget;
			buildConfigurationList = 0A281B0B2947B25C004A8D88 /* Build configuration list for PBXNativeTarget "Cash Stashes [2023]Tests" */;
			buildPhases = (
				0A281AF02947B25C004A8D88 /* Sources */,
				0A281AF12947B25C004A8D88 /* Frameworks */,
				0A281AF22947B25C004A8D88 /* Resources */,
			);
			buildRules = (
			);
			dependencies = (
				0A281AF62947B25C004A8D88 /* PBXTargetDependency */,
			);
			name = "Cash Stashes [2023]Tests";
			productName = "Cash Stashes [2023]Tests";
			productReference = 0A281AF42947B25C004A8D88 /* Cash Stashes [2023]Tests.xctest */;
			productType = "com.apple.product-type.bundle.unit-test";
		};
		0A281AFD2947B25C004A8D88 /* Cash Stashes [2023]UITests */ = {
			isa = PBXNativeTarget;
			buildConfigurationList = 0A281B0E2947B25C004A8D88 /* Build configuration list for PBXNativeTarget "Cash Stashes [2023]UITests" */;
			buildPhases = (
				0A281AFA2947B25C004A8D88 /* Sources */,
				0A281AFB2947B25C004A8D88 /* Frameworks */,
				0A281AFC2947B25C004A8D88 /* Resources */,
			);
			buildRules = (
			);
			dependencies = (
				0A281B002947B25C004A8D88 /* PBXTargetDependency */,
			);
			name = "Cash Stashes [2023]UITests";
			productName = "Cash Stashes [2023]UITests";
			productReference = 0A281AFE2947B25C004A8D88 /* Cash Stashes [2023]UITests.xctest */;
			productType = "com.apple.product-type.bundle.ui-testing";
		};
/* End PBXNativeTarget section */

/* Begin PBXProject section */
		0A281ADC2947B258004A8D88 /* Project object */ = {
			isa = PBXProject;
			attributes = {
				BuildIndependentTargetsInParallel = 1;
				LastSwiftUpdateCheck = 1400;
				LastUpgradeCheck = 1400;
				TargetAttributes = {
					0A281AE32947B258004A8D88 = {
						CreatedOnToolsVersion = 14.0;
					};
					0A281AF32947B25C004A8D88 = {
						CreatedOnToolsVersion = 14.0;
						TestTargetID = 0A281AE32947B258004A8D88;
					};
					0A281AFD2947B25C004A8D88 = {
						CreatedOnToolsVersion = 14.0;
						TestTargetID = 0A281AE32947B258004A8D88;
					};
				};
			};
			buildConfigurationList = 0A281ADF2947B258004A8D88 /* Build configuration list for PBXProject "Cash Stashes [2023]" */;
			compatibilityVersion = "Xcode 14.0";
			developmentRegion = en;
			hasScannedForEncodings = 0;
			knownRegions = (
				en,
				Base,
			);
			mainGroup = 0A281ADB2947B258004A8D88;
			productRefGroup = 0A281AE52947B258004A8D88 /* Products */;
			projectDirPath = "";
			projectRoot = "";
			targets = (
				0A281AE32947B258004A8D88 /* Cash Stashes [2023] */,
				0A281AF32947B25C004A8D88 /* Cash Stashes [2023]Tests */,
				0A281AFD2947B25C004A8D88 /* Cash Stashes [2023]UITests */,
			);
		};
/* End PBXProject section */

/* Begin PBXResourcesBuildPhase section */
		0A281AE22947B258004A8D88 /* Resources */ = {
			isa = PBXResourcesBuildPhase;
			buildActionMask = 2147483647;
			files = (
				0A281AEF2947B25B004A8D88 /* Preview Assets.xcassets in Resources */,
				0A281AEC2947B25B004A8D88 /* Assets.xcassets in Resources */,
			);
			runOnlyForDeploymentPostprocessing = 0;
		};
		0A281AF22947B25C004A8D88 /* Resources */ = {
			isa = PBXResourcesBuildPhase;
			buildActionMask = 2147483647;
			files = (
			);
			runOnlyForDeploymentPostprocessing = 0;
		};
		0A281AFC2947B25C004A8D88 /* Resources */ = {
			isa = PBXResourcesBuildPhase;
			buildActionMask = 2147483647;
			files = (
			);
			runOnlyForDeploymentPostprocessing = 0;
		};
/* End PBXResourcesBuildPhase section */

/* Begin PBXSourcesBuildPhase section */
		0A281AE02947B258004A8D88 /* Sources */ = {
			isa = PBXSourcesBuildPhase;
			buildActionMask = 2147483647;
			files = (
				0AA6A3172950341000FB80C9 /* AddItem.swift in Sources */,
				0A281AEA2947B258004A8D88 /* ContentView.swift in Sources */,
				0A281B122947B284004A8D88 /* Cash.swift in Sources */,
				0AA6A31929503A2400FB80C9 /* PersistanceData.swift in Sources */,
				0AA6A3102950104900FB80C9 /* Elements.swift in Sources */,
				0A281AE82947B258004A8D88 /* Cash_Stashes__2023_App.swift in Sources */,
				0AA6A3132950115100FB80C9 /* EditItem.swift in Sources */,
				0A281B162947B295004A8D88 /* Savings.swift in Sources */,
				0A281B142947B28D004A8D88 /* Card.swift in Sources */,
			);
			runOnlyForDeploymentPostprocessing = 0;
		};
		0A281AF02947B25C004A8D88 /* Sources */ = {
			isa = PBXSourcesBuildPhase;
			buildActionMask = 2147483647;
			files = (
				0A281AF92947B25C004A8D88 /* Cash_Stashes__2023_Tests.swift in Sources */,
			);
			runOnlyForDeploymentPostprocessing = 0;
		};
		0A281AFA2947B25C004A8D88 /* Sources */ = {
			isa = PBXSourcesBuildPhase;
			buildActionMask = 2147483647;
			files = (
				0A281B052947B25C004A8D88 /* Cash_Stashes__2023_UITestsLaunchTests.swift in Sources */,
				0A281B032947B25C004A8D88 /* Cash_Stashes__2023_UITests.swift in Sources */,
			);
			runOnlyForDeploymentPostprocessing = 0;
		};
/* End PBXSourcesBuildPhase section */

/* Begin PBXTargetDependency section */
		0A281AF62947B25C004A8D88 /* PBXTargetDependency */ = {
			isa = PBXTargetDependency;
			target = 0A281AE32947B258004A8D88 /* Cash Stashes [2023] */;
			targetProxy = 0A281AF52947B25C004A8D88 /* PBXContainerItemProxy */;
		};
		0A281B002947B25C004A8D88 /* PBXTargetDependency */ = {
			isa = PBXTargetDependency;
			target = 0A281AE32947B258004A8D88 /* Cash Stashes [2023] */;
			targetProxy = 0A281AFF2947B25C004A8D88 /* PBXContainerItemProxy */;
		};
/* End PBXTargetDependency section */

/* Begin XCBuildConfiguration section */
		0A281B062947B25C004A8D88 /* Debug */ = {
			isa = XCBuildConfiguration;
			buildSettings = {
				ALWAYS_SEARCH_USER_PATHS = NO;
				CLANG_ANALYZER_NONNULL = YES;
				CLANG_ANALYZER_NUMBER_OBJECT_CONVERSION = YES_AGGRESSIVE;
				CLANG_CXX_LANGUAGE_STANDARD = "gnu++20";
				CLANG_ENABLE_MODULES = YES;
				CLANG_ENABLE_OBJC_ARC = YES;
				CLANG_ENABLE_OBJC_WEAK = YES;
				CLANG_WARN_BLOCK_CAPTURE_AUTORELEASING = YES;
				CLANG_WARN_BOOL_CONVERSION = YES;
				CLANG_WARN_COMMA = YES;
				CLANG_WARN_CONSTANT_CONVERSION = YES;
				CLANG_WARN_DEPRECATED_OBJC_IMPLEMENTATIONS = YES;
				CLANG_WARN_DIRECT_OBJC_ISA_USAGE = YES_ERROR;
				CLANG_WARN_DOCUMENTATION_COMMENTS = YES;
				CLANG_WARN_EMPTY_BODY = YES;
				CLANG_WARN_ENUM_CONVERSION = YES;
				CLANG_WARN_INFINITE_RECURSION = YES;
				CLANG_WARN_INT_CONVERSION = YES;
				CLANG_WARN_NON_LITERAL_NULL_CONVERSION = YES;
				CLANG_WARN_OBJC_IMPLICIT_RETAIN_SELF = YES;
				CLANG_WARN_OBJC_LITERAL_CONVERSION = YES;
				CLANG_WARN_OBJC_ROOT_CLASS = YES_ERROR;
				CLANG_WARN_QUOTED_INCLUDE_IN_FRAMEWORK_HEADER = YES;
				CLANG_WARN_RANGE_LOOP_ANALYSIS = YES;
				CLANG_WARN_STRICT_PROTOTYPES = YES;
				CLANG_WARN_SUSPICIOUS_MOVE = YES;
				CLANG_WARN_UNGUARDED_AVAILABILITY = YES_AGGRESSIVE;
				CLANG_WARN_UNREACHABLE_CODE = YES;
				CLANG_WARN__DUPLICATE_METHOD_MATCH = YES;
				COPY_PHASE_STRIP = NO;
				DEBUG_INFORMATION_FORMAT = dwarf;
				ENABLE_STRICT_OBJC_MSGSEND = YES;
				ENABLE_TESTABILITY = YES;
				GCC_C_LANGUAGE_STANDARD = gnu11;
				GCC_DYNAMIC_NO_PIC = NO;
				GCC_NO_COMMON_BLOCKS = YES;
				GCC_OPTIMIZATION_LEVEL = 0;
				GCC_PREPROCESSOR_DEFINITIONS = (
					"DEBUG=1",
					"$(inherited)",
				);
				GCC_WARN_64_TO_32_BIT_CONVERSION = YES;
				GCC_WARN_ABOUT_RETURN_TYPE = YES_ERROR;
				GCC_WARN_UNDECLARED_SELECTOR = YES;
				GCC_WARN_UNINITIALIZED_AUTOS = YES_AGGRESSIVE;
				GCC_WARN_UNUSED_FUNCTION = YES;
				GCC_WARN_UNUSED_VARIABLE = YES;
				IPHONEOS_DEPLOYMENT_TARGET = 16.0;
				MTL_ENABLE_DEBUG_INFO = INCLUDE_SOURCE;
				MTL_FAST_MATH = YES;
				ONLY_ACTIVE_ARCH = YES;
				SDKROOT = iphoneos;
				SWIFT_ACTIVE_COMPILATION_CONDITIONS = DEBUG;
				SWIFT_OPTIMIZATION_LEVEL = "-Onone";
			};
			name = Debug;
		};
		0A281B072947B25C004A8D88 /* Release */ = {
			isa = XCBuildConfiguration;
			buildSettings = {
				ALWAYS_SEARCH_USER_PATHS = NO;
				CLANG_ANALYZER_NONNULL = YES;
				CLANG_ANALYZER_NUMBER_OBJECT_CONVERSION = YES_AGGRESSIVE;
				CLANG_CXX_LANGUAGE_STANDARD = "gnu++20";
				CLANG_ENABLE_MODULES = YES;
				CLANG_ENABLE_OBJC_ARC = YES;
				CLANG_ENABLE_OBJC_WEAK = YES;
				CLANG_WARN_BLOCK_CAPTURE_AUTORELEASING = YES;
				CLANG_WARN_BOOL_CONVERSION = YES;
				CLANG_WARN_COMMA = YES;
				CLANG_WARN_CONSTANT_CONVERSION = YES;
				CLANG_WARN_DEPRECATED_OBJC_IMPLEMENTATIONS = YES;
				CLANG_WARN_DIRECT_OBJC_ISA_USAGE = YES_ERROR;
				CLANG_WARN_DOCUMENTATION_COMMENTS = YES;
				CLANG_WARN_EMPTY_BODY = YES;
				CLANG_WARN_ENUM_CONVERSION = YES;
				CLANG_WARN_INFINITE_RECURSION = YES;
				CLANG_WARN_INT_CONVERSION = YES;
				CLANG_WARN_NON_LITERAL_NULL_CONVERSION = YES;
				CLANG_WARN_OBJC_IMPLICIT_RETAIN_SELF = YES;
				CLANG_WARN_OBJC_LITERAL_CONVERSION = YES;
				CLANG_WARN_OBJC_ROOT_CLASS = YES_ERROR;
				CLANG_WARN_QUOTED_INCLUDE_IN_FRAMEWORK_HEADER = YES;
				CLANG_WARN_RANGE_LOOP_ANALYSIS = YES;
				CLANG_WARN_STRICT_PROTOTYPES = YES;
				CLANG_WARN_SUSPICIOUS_MOVE = YES;
				CLANG_WARN_UNGUARDED_AVAILABILITY = YES_AGGRESSIVE;
				CLANG_WARN_UNREACHABLE_CODE = YES;
				CLANG_WARN__DUPLICATE_METHOD_MATCH = YES;
				COPY_PHASE_STRIP = NO;
				DEBUG_INFORMATION_FORMAT = "dwarf-with-dsym";
				ENABLE_NS_ASSERTIONS = NO;
				ENABLE_STRICT_OBJC_MSGSEND = YES;
				GCC_C_LANGUAGE_STANDARD = gnu11;
				GCC_NO_COMMON_BLOCKS = YES;
				GCC_WARN_64_TO_32_BIT_CONVERSION = YES;
				GCC_WARN_ABOUT_RETURN_TYPE = YES_ERROR;
				GCC_WARN_UNDECLARED_SELECTOR = YES;
				GCC_WARN_UNINITIALIZED_AUTOS = YES_AGGRESSIVE;
				GCC_WARN_UNUSED_FUNCTION = YES;
				GCC_WARN_UNUSED_VARIABLE = YES;
				IPHONEOS_DEPLOYMENT_TARGET = 16.0;
				MTL_ENABLE_DEBUG_INFO = NO;
				MTL_FAST_MATH = YES;
				SDKROOT = iphoneos;
				SWIFT_COMPILATION_MODE = wholemodule;
				SWIFT_OPTIMIZATION_LEVEL = "-O";
				VALIDATE_PRODUCT = YES;
			};
			name = Release;
		};
		0A281B092947B25C004A8D88 /* Debug */ = {
			isa = XCBuildConfiguration;
			buildSettings = {
				ASSETCATALOG_COMPILER_APPICON_NAME = AppIcon;
				ASSETCATALOG_COMPILER_GLOBAL_ACCENT_COLOR_NAME = AccentColor;
				CODE_SIGN_STYLE = Automatic;
				CURRENT_PROJECT_VERSION = 1;
				DEVELOPMENT_ASSET_PATHS = "\"Cash Stashes [2023]/Preview Content\"";
				DEVELOPMENT_TEAM = RV78ENMXZ2;
				ENABLE_PREVIEWS = YES;
				GENERATE_INFOPLIST_FILE = YES;
				INFOPLIST_KEY_UIApplicationSceneManifest_Generation = YES;
				INFOPLIST_KEY_UIApplicationSupportsIndirectInputEvents = YES;
				INFOPLIST_KEY_UILaunchScreen_Generation = YES;
				INFOPLIST_KEY_UISupportedInterfaceOrientations_iPad = "UIInterfaceOrientationPortrait UIInterfaceOrientationPortraitUpsideDown UIInterfaceOrientationLandscapeLeft UIInterfaceOrientationLandscapeRight";
				INFOPLIST_KEY_UISupportedInterfaceOrientations_iPhone = "UIInterfaceOrientationPortrait UIInterfaceOrientationLandscapeLeft UIInterfaceOrientationLandscapeRight";
				LD_RUNPATH_SEARCH_PATHS = (
					"$(inherited)",
					"@executable_path/Frameworks",
				);
				MARKETING_VERSION = 1.0;
				PRODUCT_BUNDLE_IDENTIFIER = "luckdev.Cash-Stashes--2023-";
				PRODUCT_NAME = "$(TARGET_NAME)";
				SWIFT_EMIT_LOC_STRINGS = YES;
				SWIFT_VERSION = 5.0;
				TARGETED_DEVICE_FAMILY = "1,2";
			};
			name = Debug;
		};
		0A281B0A2947B25C004A8D88 /* Release */ = {
			isa = XCBuildConfiguration;
			buildSettings = {
				ASSETCATALOG_COMPILER_APPICON_NAME = AppIcon;
				ASSETCATALOG_COMPILER_GLOBAL_ACCENT_COLOR_NAME = AccentColor;
				CODE_SIGN_STYLE = Automatic;
				CURRENT_PROJECT_VERSION = 1;
				DEVELOPMENT_ASSET_PATHS = "\"Cash Stashes [2023]/Preview Content\"";
				DEVELOPMENT_TEAM = RV78ENMXZ2;
				ENABLE_PREVIEWS = YES;
				GENERATE_INFOPLIST_FILE = YES;
				INFOPLIST_KEY_UIApplicationSceneManifest_Generation = YES;
				INFOPLIST_KEY_UIApplicationSupportsIndirectInputEvents = YES;
				INFOPLIST_KEY_UILaunchScreen_Generation = YES;
				INFOPLIST_KEY_UISupportedInterfaceOrientations_iPad = "UIInterfaceOrientationPortrait UIInterfaceOrientationPortraitUpsideDown UIInterfaceOrientationLandscapeLeft UIInterfaceOrientationLandscapeRight";
				INFOPLIST_KEY_UISupportedInterfaceOrientations_iPhone = "UIInterfaceOrientationPortrait UIInterfaceOrientationLandscapeLeft UIInterfaceOrientationLandscapeRight";
				LD_RUNPATH_SEARCH_PATHS = (
					"$(inherited)",
					"@executable_path/Frameworks",
				);
				MARKETING_VERSION = 1.0;
				PRODUCT_BUNDLE_IDENTIFIER = "luckdev.Cash-Stashes--2023-";
				PRODUCT_NAME = "$(TARGET_NAME)";
				SWIFT_EMIT_LOC_STRINGS = YES;
				SWIFT_VERSION = 5.0;
				TARGETED_DEVICE_FAMILY = "1,2";
			};
			name = Release;
		};
		0A281B0C2947B25C004A8D88 /* Debug */ = {
			isa = XCBuildConfiguration;
			buildSettings = {
				ALWAYS_EMBED_SWIFT_STANDARD_LIBRARIES = YES;
				BUNDLE_LOADER = "$(TEST_HOST)";
				CODE_SIGN_STYLE = Automatic;
				CURRENT_PROJECT_VERSION = 1;
				DEVELOPMENT_TEAM = RV78ENMXZ2;
				GENERATE_INFOPLIST_FILE = YES;
				IPHONEOS_DEPLOYMENT_TARGET = 16.0;
				MARKETING_VERSION = 1.0;
				PRODUCT_BUNDLE_IDENTIFIER = "luckdev.Cash-Stashes--2023-Tests";
				PRODUCT_NAME = "$(TARGET_NAME)";
				SWIFT_EMIT_LOC_STRINGS = NO;
				SWIFT_VERSION = 5.0;
				TARGETED_DEVICE_FAMILY = "1,2";
				TEST_HOST = "$(BUILT_PRODUCTS_DIR)/Cash Stashes [2023].app/$(BUNDLE_EXECUTABLE_FOLDER_PATH)/Cash Stashes [2023]";
			};
			name = Debug;
		};
		0A281B0D2947B25C004A8D88 /* Release */ = {
			isa = XCBuildConfiguration;
			buildSettings = {
				ALWAYS_EMBED_SWIFT_STANDARD_LIBRARIES = YES;
				BUNDLE_LOADER = "$(TEST_HOST)";
				CODE_SIGN_STYLE = Automatic;
				CURRENT_PROJECT_VERSION = 1;
				DEVELOPMENT_TEAM = RV78ENMXZ2;
				GENERATE_INFOPLIST_FILE = YES;
				IPHONEOS_DEPLOYMENT_TARGET = 16.0;
				MARKETING_VERSION = 1.0;
				PRODUCT_BUNDLE_IDENTIFIER = "luckdev.Cash-Stashes--2023-Tests";
				PRODUCT_NAME = "$(TARGET_NAME)";
				SWIFT_EMIT_LOC_STRINGS = NO;
				SWIFT_VERSION = 5.0;
				TARGETED_DEVICE_FAMILY = "1,2";
				TEST_HOST = "$(BUILT_PRODUCTS_DIR)/Cash Stashes [2023].app/$(BUNDLE_EXECUTABLE_FOLDER_PATH)/Cash Stashes [2023]";
			};
			name = Release;
		};
		0A281B0F2947B25C004A8D88 /* Debug */ = {
			isa = XCBuildConfiguration;
			buildSettings = {
				ALWAYS_EMBED_SWIFT_STANDARD_LIBRARIES = YES;
				CODE_SIGN_STYLE = Automatic;
				CURRENT_PROJECT_VERSION = 1;
				DEVELOPMENT_TEAM = RV78ENMXZ2;
				GENERATE_INFOPLIST_FILE = YES;
				MARKETING_VERSION = 1.0;
				PRODUCT_BUNDLE_IDENTIFIER = "luckdev.Cash-Stashes--2023-UITests";
				PRODUCT_NAME = "$(TARGET_NAME)";
				SWIFT_EMIT_LOC_STRINGS = NO;
				SWIFT_VERSION = 5.0;
				TARGETED_DEVICE_FAMILY = "1,2";
				TEST_TARGET_NAME = "Cash Stashes [2023]";
			};
			name = Debug;
		};
		0A281B102947B25C004A8D88 /* Release */ = {
			isa = XCBuildConfiguration;
			buildSettings = {
				ALWAYS_EMBED_SWIFT_STANDARD_LIBRARIES = YES;
				CODE_SIGN_STYLE = Automatic;
				CURRENT_PROJECT_VERSION = 1;
				DEVELOPMENT_TEAM = RV78ENMXZ2;
				GENERATE_INFOPLIST_FILE = YES;
				MARKETING_VERSION = 1.0;
				PRODUCT_BUNDLE_IDENTIFIER = "luckdev.Cash-Stashes--2023-UITests";
				PRODUCT_NAME = "$(TARGET_NAME)";
				SWIFT_EMIT_LOC_STRINGS = NO;
				SWIFT_VERSION = 5.0;
				TARGETED_DEVICE_FAMILY = "1,2";
				TEST_TARGET_NAME = "Cash Stashes [2023]";
			};
			name = Release;
		};
/* End XCBuildConfiguration section */

/* Begin XCConfigurationList section */
		0A281ADF2947B258004A8D88 /* Build configuration list for PBXProject "Cash Stashes [2023]" */ = {
			isa = XCConfigurationList;
			buildConfigurations = (
				0A281B062947B25C004A8D88 /* Debug */,
				0A281B072947B25C004A8D88 /* Release */,
			);
			defaultConfigurationIsVisible = 0;
			defaultConfigurationName = Release;
		};
		0A281B082947B25C004A8D88 /* Build configuration list for PBXNativeTarget "Cash Stashes [2023]" */ = {
			isa = XCConfigurationList;
			buildConfigurations = (
				0A281B092947B25C004A8D88 /* Debug */,
				0A281B0A2947B25C004A8D88 /* Release */,
			);
			defaultConfigurationIsVisible = 0;
			defaultConfigurationName = Release;
		};
		0A281B0B2947B25C004A8D88 /* Build configuration list for PBXNativeTarget "Cash Stashes [2023]Tests" */ = {
			isa = XCConfigurationList;
			buildConfigurations = (
				0A281B0C2947B25C004A8D88 /* Debug */,
				0A281B0D2947B25C004A8D88 /* Release */,
			);
			defaultConfigurationIsVisible = 0;
			defaultConfigurationName = Release;
		};
		0A281B0E2947B25C004A8D88 /* Build configuration list for PBXNativeTarget "Cash Stashes [2023]UITests" */ = {
			isa = XCConfigurationList;
			buildConfigurations = (
				0A281B0F2947B25C004A8D88 /* Debug */,
				0A281B102947B25C004A8D88 /* Release */,
			);
			defaultConfigurationIsVisible = 0;
			defaultConfigurationName = Release;
		};
/* End XCConfigurationList section */
	};
	rootObject = 0A281ADC2947B258004A8D88 /* Project object */;
}
